// !$*UTF8*$!
{
	archiveVersion = 1;
	classes = {
	};
	objectVersion = 55;
	objects = {

/* Begin PBXBuildFile section */
		EFBD8E7A2A63B77300429A07 /* HoneymoonDestinationApp.swift in Sources */ = {isa = PBXBuildFile; fileRef = EFBD8E792A63B77300429A07 /* HoneymoonDestinationApp.swift */; };
		EFBD8E7C2A63B77300429A07 /* ContentView.swift in Sources */ = {isa = PBXBuildFile; fileRef = EFBD8E7B2A63B77300429A07 /* ContentView.swift */; };
		EFBD8E7E2A63B77500429A07 /* Assets.xcassets in Resources */ = {isa = PBXBuildFile; fileRef = EFBD8E7D2A63B77500429A07 /* Assets.xcassets */; };
		EFBD8E812A63B77500429A07 /* Preview Assets.xcassets in Resources */ = {isa = PBXBuildFile; fileRef = EFBD8E802A63B77500429A07 /* Preview Assets.xcassets */; };
		EFBD8E882A63B9F500429A07 /* Sounds in Resources */ = {isa = PBXBuildFile; fileRef = EFBD8E872A63B9F500429A07 /* Sounds */; };
		EFBD8E8B2A66CE0100429A07 /* HoneymoonModel.swift in Sources */ = {isa = PBXBuildFile; fileRef = EFBD8E8A2A66CE0100429A07 /* HoneymoonModel.swift */; };
		EFBD8E8E2A66CE6F00429A07 /* HoneymoonData.swift in Sources */ = {isa = PBXBuildFile; fileRef = EFBD8E8D2A66CE6F00429A07 /* HoneymoonData.swift */; };
		EFBD8E942A66CF3000429A07 /* CardView.swift in Sources */ = {isa = PBXBuildFile; fileRef = EFBD8E932A66CF3000429A07 /* CardView.swift */; };
		EFBD8E962A66D32000429A07 /* HeaderView.swift in Sources */ = {isa = PBXBuildFile; fileRef = EFBD8E952A66D32000429A07 /* HeaderView.swift */; };
		EFBD8E982A66D49D00429A07 /* FooterView.swift in Sources */ = {isa = PBXBuildFile; fileRef = EFBD8E972A66D49D00429A07 /* FooterView.swift */; };
/* End PBXBuildFile section */

/* Begin PBXFileReference section */
		EFBD8E762A63B77300429A07 /* HoneymoonDestination.app */ = {isa = PBXFileReference; explicitFileType = wrapper.application; includeInIndex = 0; path = HoneymoonDestination.app; sourceTree = BUILT_PRODUCTS_DIR; };
		EFBD8E792A63B77300429A07 /* HoneymoonDestinationApp.swift */ = {isa = PBXFileReference; lastKnownFileType = sourcecode.swift; path = HoneymoonDestinationApp.swift; sourceTree = "<group>"; };
		EFBD8E7B2A63B77300429A07 /* ContentView.swift */ = {isa = PBXFileReference; lastKnownFileType = sourcecode.swift; path = ContentView.swift; sourceTree = "<group>"; };
		EFBD8E7D2A63B77500429A07 /* Assets.xcassets */ = {isa = PBXFileReference; lastKnownFileType = folder.assetcatalog; path = Assets.xcassets; sourceTree = "<group>"; };
		EFBD8E802A63B77500429A07 /* Preview Assets.xcassets */ = {isa = PBXFileReference; lastKnownFileType = folder.assetcatalog; path = "Preview Assets.xcassets"; sourceTree = "<group>"; };
		EFBD8E872A63B9F500429A07 /* Sounds */ = {isa = PBXFileReference; lastKnownFileType = folder; path = Sounds; sourceTree = "<group>"; };
		EFBD8E892A63BA5100429A07 /* Info.plist */ = {isa = PBXFileReference; lastKnownFileType = text.plist; path = Info.plist; sourceTree = "<group>"; };
		EFBD8E8A2A66CE0100429A07 /* HoneymoonModel.swift */ = {isa = PBXFileReference; lastKnownFileType = sourcecode.swift; path = HoneymoonModel.swift; sourceTree = "<group>"; };
		EFBD8E8D2A66CE6F00429A07 /* HoneymoonData.swift */ = {isa = PBXFileReference; lastKnownFileType = sourcecode.swift; path = HoneymoonData.swift; sourceTree = "<group>"; };
		EFBD8E932A66CF3000429A07 /* CardView.swift */ = {isa = PBXFileReference; lastKnownFileType = sourcecode.swift; path = CardView.swift; sourceTree = "<group>"; };
		EFBD8E952A66D32000429A07 /* HeaderView.swift */ = {isa = PBXFileReference; lastKnownFileType = sourcecode.swift; path = HeaderView.swift; sourceTree = "<group>"; };
		EFBD8E972A66D49D00429A07 /* FooterView.swift */ = {isa = PBXFileReference; lastKnownFileType = sourcecode.swift; path = FooterView.swift; sourceTree = "<group>"; };
/* End PBXFileReference section */

/* Begin PBXFrameworksBuildPhase section */
		EFBD8E732A63B77300429A07 /* Frameworks */ = {
			isa = PBXFrameworksBuildPhase;
			buildActionMask = 2147483647;
			files = (
			);
			runOnlyForDeploymentPostprocessing = 0;
		};
/* End PBXFrameworksBuildPhase section */

/* Begin PBXGroup section */
		EFBD8E6D2A63B77300429A07 = {
			isa = PBXGroup;
			children = (
				EFBD8E782A63B77300429A07 /* HoneymoonDestination */,
				EFBD8E772A63B77300429A07 /* Products */,
			);
			sourceTree = "<group>";
		};
		EFBD8E772A63B77300429A07 /* Products */ = {
			isa = PBXGroup;
			children = (
				EFBD8E762A63B77300429A07 /* HoneymoonDestination.app */,
			);
			name = Products;
			sourceTree = "<group>";
		};
		EFBD8E782A63B77300429A07 /* HoneymoonDestination */ = {
			isa = PBXGroup;
			children = (
				EFBD8E892A63BA5100429A07 /* Info.plist */,
				EFBD8E872A63B9F500429A07 /* Sounds */,
				EFBD8E792A63B77300429A07 /* HoneymoonDestinationApp.swift */,
				EFBD8E902A66CF0900429A07 /* View */,
				EFBD8E7D2A63B77500429A07 /* Assets.xcassets */,
				EFBD8E7F2A63B77500429A07 /* Preview Content */,
				EFBD8E8C2A66CE0800429A07 /* Model */,
				EFBD8E8F2A66CE8000429A07 /* Data */,
			);
			path = HoneymoonDestination;
			sourceTree = "<group>";
		};
		EFBD8E7F2A63B77500429A07 /* Preview Content */ = {
			isa = PBXGroup;
			children = (
				EFBD8E802A63B77500429A07 /* Preview Assets.xcassets */,
			);
			path = "Preview Content";
			sourceTree = "<group>";
		};
		EFBD8E8C2A66CE0800429A07 /* Model */ = {
			isa = PBXGroup;
			children = (
				EFBD8E8A2A66CE0100429A07 /* HoneymoonModel.swift */,
			);
			path = Model;
			sourceTree = "<group>";
		};
		EFBD8E8F2A66CE8000429A07 /* Data */ = {
			isa = PBXGroup;
			children = (
				EFBD8E8D2A66CE6F00429A07 /* HoneymoonData.swift */,
			);
			path = Data;
			sourceTree = "<group>";
		};
		EFBD8E902A66CF0900429A07 /* View */ = {
			isa = PBXGroup;
			children = (
				EFBD8E7B2A63B77300429A07 /* ContentView.swift */,
				EFBD8E932A66CF3000429A07 /* CardView.swift */,
				EFBD8E952A66D32000429A07 /* HeaderView.swift */,
				EFBD8E972A66D49D00429A07 /* FooterView.swift */,
			);
			path = View;
			sourceTree = "<group>";
		};
/* End PBXGroup section */

/* Begin PBXNativeTarget section */
		EFBD8E752A63B77300429A07 /* HoneymoonDestination */ = {
			isa = PBXNativeTarget;
			buildConfigurationList = EFBD8E842A63B77500429A07 /* Build configuration list for PBXNativeTarget "HoneymoonDestination" */;
			buildPhases = (
				EFBD8E722A63B77300429A07 /* Sources */,
				EFBD8E732A63B77300429A07 /* Frameworks */,
				EFBD8E742A63B77300429A07 /* Resources */,
			);
			buildRules = (
			);
			dependencies = (
			);
			name = HoneymoonDestination;
			productName = HoneymoonDestination;
			productReference = EFBD8E762A63B77300429A07 /* HoneymoonDestination.app */;
			productType = "com.apple.product-type.application";
		};
/* End PBXNativeTarget section */

/* Begin PBXProject section */
		EFBD8E6E2A63B77300429A07 /* Project object */ = {
			isa = PBXProject;
			attributes = {
				BuildIndependentTargetsInParallel = 1;
				LastSwiftUpdateCheck = 1340;
				LastUpgradeCheck = 1340;
				TargetAttributes = {
					EFBD8E752A63B77300429A07 = {
						CreatedOnToolsVersion = 13.4.1;
					};
				};
			};
			buildConfigurationList = EFBD8E712A63B77300429A07 /* Build configuration list for PBXProject "HoneymoonDestination" */;
			compatibilityVersion = "Xcode 13.0";
			developmentRegion = en;
			hasScannedForEncodings = 0;
			knownRegions = (
				en,
				Base,
			);
			mainGroup = EFBD8E6D2A63B77300429A07;
			productRefGroup = EFBD8E772A63B77300429A07 /* Products */;
			projectDirPath = "";
			projectRoot = "";
			targets = (
				EFBD8E752A63B77300429A07 /* HoneymoonDestination */,
			);
		};
/* End PBXProject section */

/* Begin PBXResourcesBuildPhase section */
		EFBD8E742A63B77300429A07 /* Resources */ = {
			isa = PBXResourcesBuildPhase;
			buildActionMask = 2147483647;
			files = (
				EFBD8E882A63B9F500429A07 /* Sounds in Resources */,
				EFBD8E812A63B77500429A07 /* Preview Assets.xcassets in Resources */,
				EFBD8E7E2A63B77500429A07 /* Assets.xcassets in Resources */,
			);
			runOnlyForDeploymentPostprocessing = 0;
		};
/* End PBXResourcesBuildPhase section */

/* Begin PBXSourcesBuildPhase section */
		EFBD8E722A63B77300429A07 /* Sources */ = {
			isa = PBXSourcesBuildPhase;
			buildActionMask = 2147483647;
			files = (
				EFBD8E8B2A66CE0100429A07 /* HoneymoonModel.swift in Sources */,
				EFBD8E982A66D49D00429A07 /* FooterView.swift in Sources */,
				EFBD8E962A66D32000429A07 /* HeaderView.swift in Sources */,
				EFBD8E7C2A63B77300429A07 /* ContentView.swift in Sources */,
				EFBD8E7A2A63B77300429A07 /* HoneymoonDestinationApp.swift in Sources */,
				EFBD8E8E2A66CE6F00429A07 /* HoneymoonData.swift in Sources */,
				EFBD8E942A66CF3000429A07 /* CardView.swift in Sources */,
			);
			runOnlyForDeploymentPostprocessing = 0;
		};
/* End PBXSourcesBuildPhase section */

/* Begin XCBuildConfiguration section */
		EFBD8E822A63B77500429A07 /* Debug */ = {
			isa = XCBuildConfiguration;
			buildSettings = {
				ALWAYS_SEARCH_USER_PATHS = NO;
				CLANG_ANALYZER_NONNULL = YES;
				CLANG_ANALYZER_NUMBER_OBJECT_CONVERSION = YES_AGGRESSIVE;
				CLANG_CXX_LANGUAGE_STANDARD = "gnu++17";
				CLANG_ENABLE_MODULES = YES;
				CLANG_ENABLE_OBJC_ARC = YES;
				CLANG_ENABLE_OBJC_WEAK = YES;
				CLANG_WARN_BLOCK_CAPTURE_AUTORELEASING = YES;
				CLANG_WARN_BOOL_CONVERSION = YES;
				CLANG_WARN_COMMA = YES;
				CLANG_WARN_CONSTANT_CONVERSION = YES;
				CLANG_WARN_DEPRECATED_OBJC_IMPLEMENTATIONS = YES;
				CLANG_WARN_DIRECT_OBJC_ISA_USAGE = YES_ERROR;
				CLANG_WARN_DOCUMENTATION_COMMENTS = YES;
				CLANG_WARN_EMPTY_BODY = YES;
				CLANG_WARN_ENUM_CONVERSION = YES;
				CLANG_WARN_INFINITE_RECURSION = YES;
				CLANG_WARN_INT_CONVERSION = YES;
				CLANG_WARN_NON_LITERAL_NULL_CONVERSION = YES;
				CLANG_WARN_OBJC_IMPLICIT_RETAIN_SELF = YES;
				CLANG_WARN_OBJC_LITERAL_CONVERSION = YES;
				CLANG_WARN_OBJC_ROOT_CLASS = YES_ERROR;
				CLANG_WARN_QUOTED_INCLUDE_IN_FRAMEWORK_HEADER = YES;
				CLANG_WARN_RANGE_LOOP_ANALYSIS = YES;
				CLANG_WARN_STRICT_PROTOTYPES = YES;
				CLANG_WARN_SUSPICIOUS_MOVE = YES;
				CLANG_WARN_UNGUARDED_AVAILABILITY = YES_AGGRESSIVE;
				CLANG_WARN_UNREACHABLE_CODE = YES;
				CLANG_WARN__DUPLICATE_METHOD_MATCH = YES;
				COPY_PHASE_STRIP = NO;
				DEBUG_INFORMATION_FORMAT = dwarf;
				ENABLE_STRICT_OBJC_MSGSEND = YES;
				ENABLE_TESTABILITY = YES;
				GCC_C_LANGUAGE_STANDARD = gnu11;
				GCC_DYNAMIC_NO_PIC = NO;
				GCC_NO_COMMON_BLOCKS = YES;
				GCC_OPTIMIZATION_LEVEL = 0;
				GCC_PREPROCESSOR_DEFINITIONS = (
					"DEBUG=1",
					"$(inherited)",
				);
				GCC_WARN_64_TO_32_BIT_CONVERSION = YES;
				GCC_WARN_ABOUT_RETURN_TYPE = YES_ERROR;
				GCC_WARN_UNDECLARED_SELECTOR = YES;
				GCC_WARN_UNINITIALIZED_AUTOS = YES_AGGRESSIVE;
				GCC_WARN_UNUSED_FUNCTION = YES;
				GCC_WARN_UNUSED_VARIABLE = YES;
				IPHONEOS_DEPLOYMENT_TARGET = 15.5;
				MTL_ENABLE_DEBUG_INFO = INCLUDE_SOURCE;
				MTL_FAST_MATH = YES;
				ONLY_ACTIVE_ARCH = YES;
				SDKROOT = iphoneos;
				SWIFT_ACTIVE_COMPILATION_CONDITIONS = DEBUG;
				SWIFT_OPTIMIZATION_LEVEL = "-Onone";
			};
			name = Debug;
		};
		EFBD8E832A63B77500429A07 /* Release */ = {
			isa = XCBuildConfiguration;
			buildSettings = {
				ALWAYS_SEARCH_USER_PATHS = NO;
				CLANG_ANALYZER_NONNULL = YES;
				CLANG_ANALYZER_NUMBER_OBJECT_CONVERSION = YES_AGGRESSIVE;
				CLANG_CXX_LANGUAGE_STANDARD = "gnu++17";
				CLANG_ENABLE_MODULES = YES;
				CLANG_ENABLE_OBJC_ARC = YES;
				CLANG_ENABLE_OBJC_WEAK = YES;
				CLANG_WARN_BLOCK_CAPTURE_AUTORELEASING = YES;
				CLANG_WARN_BOOL_CONVERSION = YES;
				CLANG_WARN_COMMA = YES;
				CLANG_WARN_CONSTANT_CONVERSION = YES;
				CLANG_WARN_DEPRECATED_OBJC_IMPLEMENTATIONS = YES;
				CLANG_WARN_DIRECT_OBJC_ISA_USAGE = YES_ERROR;
				CLANG_WARN_DOCUMENTATION_COMMENTS = YES;
				CLANG_WARN_EMPTY_BODY = YES;
				CLANG_WARN_ENUM_CONVERSION = YES;
				CLANG_WARN_INFINITE_RECURSION = YES;
				CLANG_WARN_INT_CONVERSION = YES;
				CLANG_WARN_NON_LITERAL_NULL_CONVERSION = YES;
				CLANG_WARN_OBJC_IMPLICIT_RETAIN_SELF = YES;
				CLANG_WARN_OBJC_LITERAL_CONVERSION = YES;
				CLANG_WARN_OBJC_ROOT_CLASS = YES_ERROR;
				CLANG_WARN_QUOTED_INCLUDE_IN_FRAMEWORK_HEADER = YES;
				CLANG_WARN_RANGE_LOOP_ANALYSIS = YES;
				CLANG_WARN_STRICT_PROTOTYPES = YES;
				CLANG_WARN_SUSPICIOUS_MOVE = YES;
				CLANG_WARN_UNGUARDED_AVAILABILITY = YES_AGGRESSIVE;
				CLANG_WARN_UNREACHABLE_CODE = YES;
				CLANG_WARN__DUPLICATE_METHOD_MATCH = YES;
				COPY_PHASE_STRIP = NO;
				DEBUG_INFORMATION_FORMAT = "dwarf-with-dsym";
				ENABLE_NS_ASSERTIONS = NO;
				ENABLE_STRICT_OBJC_MSGSEND = YES;
				GCC_C_LANGUAGE_STANDARD = gnu11;
				GCC_NO_COMMON_BLOCKS = YES;
				GCC_WARN_64_TO_32_BIT_CONVERSION = YES;
				GCC_WARN_ABOUT_RETURN_TYPE = YES_ERROR;
				GCC_WARN_UNDECLARED_SELECTOR = YES;
				GCC_WARN_UNINITIALIZED_AUTOS = YES_AGGRESSIVE;
				GCC_WARN_UNUSED_FUNCTION = YES;
				GCC_WARN_UNUSED_VARIABLE = YES;
				IPHONEOS_DEPLOYMENT_TARGET = 15.5;
				MTL_ENABLE_DEBUG_INFO = NO;
				MTL_FAST_MATH = YES;
				SDKROOT = iphoneos;
				SWIFT_COMPILATION_MODE = wholemodule;
				SWIFT_OPTIMIZATION_LEVEL = "-O";
				VALIDATE_PRODUCT = YES;
			};
			name = Release;
		};
		EFBD8E852A63B77500429A07 /* Debug */ = {
			isa = XCBuildConfiguration;
			buildSettings = {
				ASSETCATALOG_COMPILER_APPICON_NAME = AppIcon;
				ASSETCATALOG_COMPILER_GLOBAL_ACCENT_COLOR_NAME = AccentColor;
				CODE_SIGN_STYLE = Automatic;
				CURRENT_PROJECT_VERSION = 1;
				DEVELOPMENT_ASSET_PATHS = "\"HoneymoonDestination/Preview Content\"";
				DEVELOPMENT_TEAM = A38548G3Y3;
				ENABLE_PREVIEWS = YES;
				GENERATE_INFOPLIST_FILE = YES;
				INFOPLIST_FILE = HoneymoonDestination/Info.plist;
				INFOPLIST_KEY_UIApplicationSceneManifest_Generation = YES;
				INFOPLIST_KEY_UIApplicationSupportsIndirectInputEvents = YES;
				INFOPLIST_KEY_UISupportedInterfaceOrientations = UIInterfaceOrientationPortrait;
				INFOPLIST_KEY_UISupportedInterfaceOrientations_iPad = "UIInterfaceOrientationPortrait UIInterfaceOrientationPortraitUpsideDown UIInterfaceOrientationLandscapeLeft UIInterfaceOrientationLandscapeRight";
				INFOPLIST_KEY_UISupportedInterfaceOrientations_iPhone = "UIInterfaceOrientationPortrait UIInterfaceOrientationLandscapeLeft UIInterfaceOrientationLandscapeRight";
				LD_RUNPATH_SEARCH_PATHS = (
					"$(inherited)",
					"@executable_path/Frameworks",
				);
				MARKETING_VERSION = 1.0;
				PRODUCT_BUNDLE_IDENTIFIER = com.idontknowwhatimdoing.HoneymoonDestination;
				PRODUCT_NAME = "$(TARGET_NAME)";
				SWIFT_EMIT_LOC_STRINGS = YES;
				SWIFT_VERSION = 5.0;
				TARGETED_DEVICE_FAMILY = "1,2";
			};
			name = Debug;
		};
		EFBD8E862A63B77500429A07 /* Release */ = {
			isa = XCBuildConfiguration;
			buildSettings = {
				ASSETCATALOG_COMPILER_APPICON_NAME = AppIcon;
				ASSETCATALOG_COMPILER_GLOBAL_ACCENT_COLOR_NAME = AccentColor;
				CODE_SIGN_STYLE = Automatic;
				CURRENT_PROJECT_VERSION = 1;
				DEVELOPMENT_ASSET_PATHS = "\"HoneymoonDestination/Preview Content\"";
				DEVELOPMENT_TEAM = A38548G3Y3;
				ENABLE_PREVIEWS = YES;
				GENERATE_INFOPLIST_FILE = YES;
				INFOPLIST_FILE = HoneymoonDestination/Info.plist;
				INFOPLIST_KEY_UIApplicationSceneManifest_Generation = YES;
				INFOPLIST_KEY_UIApplicationSupportsIndirectInputEvents = YES;
				INFOPLIST_KEY_UISupportedInterfaceOrientations = UIInterfaceOrientationPortrait;
				INFOPLIST_KEY_UISupportedInterfaceOrientations_iPad = "UIInterfaceOrientationPortrait UIInterfaceOrientationPortraitUpsideDown UIInterfaceOrientationLandscapeLeft UIInterfaceOrientationLandscapeRight";
				INFOPLIST_KEY_UISupportedInterfaceOrientations_iPhone = "UIInterfaceOrientationPortrait UIInterfaceOrientationLandscapeLeft UIInterfaceOrientationLandscapeRight";
				LD_RUNPATH_SEARCH_PATHS = (
					"$(inherited)",
					"@executable_path/Frameworks",
				);
				MARKETING_VERSION = 1.0;
				PRODUCT_BUNDLE_IDENTIFIER = com.idontknowwhatimdoing.HoneymoonDestination;
				PRODUCT_NAME = "$(TARGET_NAME)";
				SWIFT_EMIT_LOC_STRINGS = YES;
				SWIFT_VERSION = 5.0;
				TARGETED_DEVICE_FAMILY = "1,2";
			};
			name = Release;
		};
/* End XCBuildConfiguration section */

/* Begin XCConfigurationList section */
		EFBD8E712A63B77300429A07 /* Build configuration list for PBXProject "HoneymoonDestination" */ = {
			isa = XCConfigurationList;
			buildConfigurations = (
				EFBD8E822A63B77500429A07 /* Debug */,
				EFBD8E832A63B77500429A07 /* Release */,
			);
			defaultConfigurationIsVisible = 0;
			defaultConfigurationName = Release;
		};
		EFBD8E842A63B77500429A07 /* Build configuration list for PBXNativeTarget "HoneymoonDestination" */ = {
			isa = XCConfigurationList;
			buildConfigurations = (
				EFBD8E852A63B77500429A07 /* Debug */,
				EFBD8E862A63B77500429A07 /* Release */,
			);
			defaultConfigurationIsVisible = 0;
			defaultConfigurationName = Release;
		};
/* End XCConfigurationList section */
	};
	rootObject = EFBD8E6E2A63B77300429A07 /* Project object */;
}
